<?xml version="1.0" encoding="UTF-8" standalone="yes" ?>
<CodeBlocks_project_file>
	<FileVersion major="1" minor="6" />
	<Project>
		<Option title="Flappy_Bird" />
		<Option pch_mode="2" />
		<Option compiler="gcc" />
		<Build>
			<Target title="Debug">
				<Option output="bin/Debug/Flappy_Bird" prefix_auto="1" extension_auto="1" />
				<Option object_output="obj/Debug/" />
				<Option type="1" />
				<Option compiler="gcc" />
				<Compiler>
					<Add option="-g" />
					<Add directory="src/Camera" />
					<Add directory="src/Core" />
					<Add directory="src/Graphics" />
					<Add directory="src/Physics" />
					<Add directory="src/Vendor/TinyXML" />
					<Add directory="src/Map" />
					<Add directory="src/Object" />
					<Add directory="src/Collision" />
					<Add directory="src/Animation" />
					<Add directory="src/Characters" />
					<Add directory="src/State" />
					<Add directory="src/Widgets" />
					<Add directory="src/Input" />
				</Compiler>
			</Target>
			<Target title="Release">
				<Option output="bin/Release/Flappy_Bird" prefix_auto="1" extension_auto="1" />
				<Option object_output="obj/Release/" />
				<Option type="1" />
				<Option compiler="gcc" />
				<Compiler>
					<Add option="-O2" />
					<Add directory="src/Map" />
					<Add directory="src/Camera" />
					<Add directory="src/Core" />
					<Add directory="src/Graphics" />
					<Add directory="src/Inputs" />
					<Add directory="src/Physics" />
					<Add directory="src/Vendor/TinyXML" />
					<Add directory="src/Object" />
					<Add directory="src/Collision" />
					<Add directory="src/Animation" />
					<Add directory="src/Characters" />
					<Add directory="src/State" />
					<Add directory="src/Widgets" />
				</Compiler>
				<Linker>
					<Add option="-s" />
				</Linker>
			</Target>
		</Build>
		<Compiler>
			<Add option="-Wall" />
			<Add option="-fexceptions" />
			<Add directory="src/Camera" />
			<Add directory="src/Core" />
			<Add directory="src/Graphics" />
			<Add directory="src/Inputs" />
			<Add directory="src/Physics" />
			<Add directory="src/Vendor/TinyXML" />
			<Add directory="src/Map" />
		</Compiler>
		<Unit filename="main.cpp" />
		<Unit filename="src/Animation/Animation.cpp" />
		<Unit filename="src/Animation/Animation.h" />
		<Unit filename="src/Camera/Camera.cpp" />
		<Unit filename="src/Camera/Camera.h" />
		<Unit filename="src/Characters/Bird.cpp" />
		<Unit filename="src/Characters/Bird.h" />
		<Unit filename="src/Characters/Character.h" />
		<Unit filename="src/Collision/CollisionHandler.cpp" />
		<Unit filename="src/Collision/CollisionHandler.h" />
		<Unit filename="src/Core/Engine.cpp" />
		<Unit filename="src/Core/Engine.h" />
		<Unit filename="src/Graphics/TextureManager.cpp" />
		<Unit filename="src/Graphics/TextureManager.h" />
		<Unit filename="src/Input/Input.cpp" />
		<Unit filename="src/Input/Input.h" />
		<Unit filename="src/Map/GameMap.h" />
		<Unit filename="src/Map/Layer.h" />
		<Unit filename="src/Map/MapParser.cpp" />
		<Unit filename="src/Map/MapParser.h" />
		<Unit filename="src/Map/TileLayer.cpp" />
		<Unit filename="src/Map/TileLayer.h" />
		<Unit filename="src/Object/GameObject.h" />
		<Unit filename="src/Object/IObject.h" />
		<Unit filename="src/Physics/Collider.h" />
		<Unit filename="src/Physics/Point.h" />
		<Unit filename="src/Physics/Tranform.h" />
		<Unit filename="src/Physics/Vector2D.h" />
		<Unit filename="src/State/GameState.h" />
		<Unit filename="src/State/Menu.cpp" />
		<Unit filename="src/State/Menu.h" />
		<Unit filename="src/State/Play.cpp" />
		<Unit filename="src/State/Play.h" />
		<Unit filename="src/Vendor/TinyXML/tinystr.cpp" />
		<Unit filename="src/Vendor/TinyXML/tinystr.h" />
		<Unit filename="src/Vendor/TinyXML/tinyxml.cpp" />
		<Unit filename="src/Vendor/TinyXML/tinyxml.h" />
		<Unit filename="src/Vendor/TinyXML/tinyxmlerror.cpp" />
		<Unit filename="src/Vendor/TinyXML/tinyxmlparser.cpp" />
		<Unit filename="src/Widgets/Button.cpp" />
		<Unit filename="src/Widgets/Button.h" />
		<Extensions>
			<lib_finder disable_auto="1" />
		</Extensions>
	</Project>
</CodeBlocks_project_file>
